
Microsoft Visual Studio Solution File, Format Version 12.00
# Visual Studio 15
VisualStudioVersion = 15.0.27703.2035
MinimumVisualStudioVersion = 10.0.40219.1
Project("{FAE04EC0-301F-11D3-BF4B-00C04F79EFBC}") = "CircleIntersection", "CircleIntersection\CircleIntersection.csproj", "{811BAA1D-08A3-4608-8778-296046D6A7FF}"
EndProject
Project("{FAE04EC0-301F-11D3-BF4B-00C04F79EFBC}") = "MakeAMesh", "MakeAMesh\MakeAMesh.csproj", "{868C2076-A9E5-4BDA-9CC0-B6EBA85B23A6}"
EndProject
Project("{FAE04EC0-301F-11D3-BF4B-00C04F79EFBC}") = "BrepBooleanOperation", "BrepBooleanOperation\BrepBooleanOperation.csproj", "{14C9031A-219E-4560-B670-A0C373393B8D}"
EndProject
Global
	GlobalSection(SolutionConfigurationPlatforms) = preSolution
		Debug|Any CPU = Debug|Any CPU
		Release|Any CPU = Release|Any CPU
	EndGlobalSection
	GlobalSection(ProjectConfigurationPlatforms) = postSolution
		{811BAA1D-08A3-4608-8778-296046D6A7FF}.Debug|Any CPU.ActiveCfg = Debug|Any CPU
		{811BAA1D-08A3-4608-8778-296046D6A7FF}.Debug|Any CPU.Build.0 = Debug|Any CPU
		{811BAA1D-08A3-4608-8778-296046D6A7FF}.Release|Any CPU.ActiveCfg = Release|Any CPU
		{811BAA1D-08A3-4608-8778-296046D6A7FF}.Release|Any CPU.Build.0 = Release|Any CPU
		{868C2076-A9E5-4BDA-9CC0-B6EBA85B23A6}.Debug|Any CPU.ActiveCfg = Debug|Any CPU
		{868C2076-A9E5-4BDA-9CC0-B6EBA85B23A6}.Debug|Any CPU.Build.0 = Debug|Any CPU
		{868C2076-A9E5-4BDA-9CC0-B6EBA85B23A6}.Release|Any CPU.ActiveCfg = Release|Any CPU
		{868C2076-A9E5-4BDA-9CC0-B6EBA85B23A6}.Release|Any CPU.Build.0 = Release|Any CPU
		{14C9031A-219E-4560-B670-A0C373393B8D}.Debug|Any CPU.ActiveCfg = Debug|Any CPU
		{14C9031A-219E-4560-B670-A0C373393B8D}.Debug|Any CPU.Build.0 = Debug|Any CPU
		{14C9031A-219E-4560-B670-A0C373393B8D}.Release|Any CPU.ActiveCfg = Release|Any CPU
		{14C9031A-219E-4560-B670-A0C373393B8D}.Release|Any CPU.Build.0 = Release|Any CPU
	EndGlobalSection
	GlobalSection(SolutionProperties) = preSolution
		HideSolutionNode = FALSE
	EndGlobalSection
	GlobalSection(ExtensibilityGlobals) = postSolution
		SolutionGuid = {C88BF339-CF4C-44F5-8D3D-BDAA82453D08}
	EndGlobalSection
EndGlobal
